
Microsoft Visual Studio Solution File, Format Version 12.00
# Visual Studio Version 16
VisualStudioVersion = 16.0.29318.209
MinimumVisualStudioVersion = 10.0.40219.1
Project("{9A19103F-16F7-4668-BE54-9A1E7A4F7556}") = "dotnetcore22function", "dotnetcore22function\dotnetcore22function.csproj", "{B27CA81B-3DEA-411B-9EC3-648FAD516EDD}"
EndProject
Global
	GlobalSection(SolutionConfigurationPlatforms) = preSolution
		Debug|Any CPU = Debug|Any CPU
		Release|Any CPU = Release|Any CPU
	EndGlobalSection
	GlobalSection(ProjectConfigurationPlatforms) = postSolution
		{B27CA81B-3DEA-411B-9EC3-648FAD516EDD}.Debug|Any CPU.ActiveCfg = Debug|Any CPU
		{B27CA81B-3DEA-411B-9EC3-648FAD516EDD}.Debug|Any CPU.Build.0 = Debug|Any CPU
		{B27CA81B-3DEA-411B-9EC3-648FAD516EDD}.Release|Any CPU.ActiveCfg = Release|Any CPU
		{B27CA81B-3DEA-411B-9EC3-648FAD516EDD}.Release|Any CPU.Build.0 = Release|Any CPU
	EndGlobalSection
	GlobalSection(SolutionProperties) = preSolution
		HideSolutionNode = FALSE
	EndGlobalSection
	GlobalSection(ExtensibilityGlobals) = postSolution
		SolutionGuid = {3BF42BFD-4666-487E-B573-90018FC249DA}
	EndGlobalSection
EndGlobal
